// !$*UTF8*$!
{
	archiveVersion = 1;
	classes = {
	};
	objectVersion = 50;
	objects = {

/* Begin PBXBuildFile section */
		D54A5D2021E5FAAA00E17BBA /* AppDelegate.m in Sources */ = {isa = PBXBuildFile; fileRef = D54A5D1F21E5FAAA00E17BBA /* AppDelegate.m */; };
		D54A5D2321E5FAAA00E17BBA /* ViewController.m in Sources */ = {isa = PBXBuildFile; fileRef = D54A5D2221E5FAAA00E17BBA /* ViewController.m */; };
		D54A5D2621E5FAAA00E17BBA /* Main.storyboard in Resources */ = {isa = PBXBuildFile; fileRef = D54A5D2421E5FAAA00E17BBA /* Main.storyboard */; };
		D54A5D2821E5FAAC00E17BBA /* Assets.xcassets in Resources */ = {isa = PBXBuildFile; fileRef = D54A5D2721E5FAAC00E17BBA /* Assets.xcassets */; };
		D54A5D2B21E5FAAC00E17BBA /* LaunchScreen.storyboard in Resources */ = {isa = PBXBuildFile; fileRef = D54A5D2921E5FAAC00E17BBA /* LaunchScreen.storyboard */; };
		D54A5D2E21E5FAAC00E17BBA /* main.m in Sources */ = {isa = PBXBuildFile; fileRef = D54A5D2D21E5FAAC00E17BBA /* main.m */; };
		D54A5D7421E6227A00E17BBA /* GPBProtocolBuffers.m in Sources */ = {isa = PBXBuildFile; fileRef = D54A5D7221E6227900E17BBA /* GPBProtocolBuffers.m */; settings = {COMPILER_FLAGS = "-fno-objc-arc"; }; };
		D54A5D7821E622BC00E17BBA /* Preson.pbobjc.m in Sources */ = {isa = PBXBuildFile; fileRef = D54A5D7721E622BC00E17BBA /* Preson.pbobjc.m */; settings = {COMPILER_FLAGS = "-fno-objc-arc"; }; };
		D54A5D7A21E6240400E17BBA /* preson.proto in Sources */ = {isa = PBXBuildFile; fileRef = D54A5D7921E6240400E17BBA /* preson.proto */; };
		D54A5D9A21E6266600E17BBA /* Any.pbobjc.m in Sources */ = {isa = PBXBuildFile; fileRef = D54A5D7C21E6266400E17BBA /* Any.pbobjc.m */; settings = {COMPILER_FLAGS = "-fno-objc-arc"; }; };
		D54A5D9B21E6266600E17BBA /* wrappers.proto in Sources */ = {isa = PBXBuildFile; fileRef = D54A5D7D21E6266400E17BBA /* wrappers.proto */; };
		D54A5D9C21E6266600E17BBA /* Timestamp.pbobjc.m in Sources */ = {isa = PBXBuildFile; fileRef = D54A5D7E21E6266400E17BBA /* Timestamp.pbobjc.m */; settings = {COMPILER_FLAGS = "-fno-objc-arc"; }; };
		D54A5D9D21E6266600E17BBA /* struct.proto in Sources */ = {isa = PBXBuildFile; fileRef = D54A5D7F21E6266400E17BBA /* struct.proto */; };
		D54A5D9E21E6266600E17BBA /* SourceContext.pbobjc.m in Sources */ = {isa = PBXBuildFile; fileRef = D54A5D8021E6266400E17BBA /* SourceContext.pbobjc.m */; settings = {COMPILER_FLAGS = "-fno-objc-arc"; }; };
		D54A5D9F21E6266600E17BBA /* Duration.pbobjc.m in Sources */ = {isa = PBXBuildFile; fileRef = D54A5D8121E6266400E17BBA /* Duration.pbobjc.m */; settings = {COMPILER_FLAGS = "-fno-objc-arc"; }; };
		D54A5DA021E6266600E17BBA /* Struct.pbobjc.m in Sources */ = {isa = PBXBuildFile; fileRef = D54A5D8221E6266400E17BBA /* Struct.pbobjc.m */; settings = {COMPILER_FLAGS = "-fno-objc-arc"; }; };
		D54A5DA121E6266600E17BBA /* source_context.proto in Sources */ = {isa = PBXBuildFile; fileRef = D54A5D8321E6266400E17BBA /* source_context.proto */; };
		D54A5DA221E6266600E17BBA /* Type.pbobjc.m in Sources */ = {isa = PBXBuildFile; fileRef = D54A5D8421E6266400E17BBA /* Type.pbobjc.m */; settings = {COMPILER_FLAGS = "-fno-objc-arc"; }; };
		D54A5DA321E6266600E17BBA /* Wrappers.pbobjc.m in Sources */ = {isa = PBXBuildFile; fileRef = D54A5D8521E6266500E17BBA /* Wrappers.pbobjc.m */; settings = {COMPILER_FLAGS = "-fno-objc-arc"; }; };
		D54A5DA421E6266600E17BBA /* any.proto in Sources */ = {isa = PBXBuildFile; fileRef = D54A5D8721E6266500E17BBA /* any.proto */; };
		D54A5DA521E6266600E17BBA /* duration.proto in Sources */ = {isa = PBXBuildFile; fileRef = D54A5D8821E6266500E17BBA /* duration.proto */; };
		D54A5DA621E6266600E17BBA /* Api.pbobjc.m in Sources */ = {isa = PBXBuildFile; fileRef = D54A5D8C21E6266500E17BBA /* Api.pbobjc.m */; settings = {COMPILER_FLAGS = "-fno-objc-arc"; }; };
		D54A5DA721E6266600E17BBA /* FieldMask.pbobjc.m in Sources */ = {isa = PBXBuildFile; fileRef = D54A5D8D21E6266500E17BBA /* FieldMask.pbobjc.m */; settings = {COMPILER_FLAGS = "-fno-objc-arc"; }; };
		D54A5DA821E6266600E17BBA /* type.proto in Sources */ = {isa = PBXBuildFile; fileRef = D54A5D8E21E6266500E17BBA /* type.proto */; };
		D54A5DA921E6266600E17BBA /* field_mask.proto in Sources */ = {isa = PBXBuildFile; fileRef = D54A5D8F21E6266500E17BBA /* field_mask.proto */; };
		D54A5DAA21E6266600E17BBA /* api.proto in Sources */ = {isa = PBXBuildFile; fileRef = D54A5D9021E6266500E17BBA /* api.proto */; };
		D54A5DAB21E6266600E17BBA /* timestamp.proto in Sources */ = {isa = PBXBuildFile; fileRef = D54A5D9221E6266500E17BBA /* timestamp.proto */; };
		D54A5DAC21E6266600E17BBA /* Empty.pbobjc.m in Sources */ = {isa = PBXBuildFile; fileRef = D54A5D9621E6266500E17BBA /* Empty.pbobjc.m */; settings = {COMPILER_FLAGS = "-fno-objc-arc"; }; };
		D54A5DAD21E6266600E17BBA /* empty.proto in Sources */ = {isa = PBXBuildFile; fileRef = D54A5D9721E6266500E17BBA /* empty.proto */; };
		D54A5DD621E6282F00E17BBA /* GPBArray.m in Sources */ = {isa = PBXBuildFile; fileRef = D54A5DAF21E6282C00E17BBA /* GPBArray.m */; };
		D54A5DD721E6282F00E17BBA /* GPBExtensionInternals.m in Sources */ = {isa = PBXBuildFile; fileRef = D54A5DB021E6282C00E17BBA /* GPBExtensionInternals.m */; settings = {COMPILER_FLAGS = "-fno-objc-arc"; }; };
		D54A5DD821E6282F00E17BBA /* GPBUnknownFieldSet.m in Sources */ = {isa = PBXBuildFile; fileRef = D54A5DB421E6282C00E17BBA /* GPBUnknownFieldSet.m */; settings = {COMPILER_FLAGS = "-fno-objc-arc"; }; };
		D54A5DD921E6282F00E17BBA /* GPBDictionary.m in Sources */ = {isa = PBXBuildFile; fileRef = D54A5DB821E6282C00E17BBA /* GPBDictionary.m */; settings = {COMPILER_FLAGS = "-fno-objc-arc"; }; };
		D54A5DDA21E6282F00E17BBA /* GPBExtensionRegistry.m in Sources */ = {isa = PBXBuildFile; fileRef = D54A5DBC21E6282D00E17BBA /* GPBExtensionRegistry.m */; settings = {COMPILER_FLAGS = "-fno-objc-arc"; }; };
		D54A5DDB21E6282F00E17BBA /* GPBDescriptor.m in Sources */ = {isa = PBXBuildFile; fileRef = D54A5DC121E6282D00E17BBA /* GPBDescriptor.m */; settings = {COMPILER_FLAGS = "-fno-objc-arc"; }; };
		D54A5DDC21E6282F00E17BBA /* GPBCodedInputStream.m in Sources */ = {isa = PBXBuildFile; fileRef = D54A5DC421E6282D00E17BBA /* GPBCodedInputStream.m */; settings = {COMPILER_FLAGS = "-fno-objc-arc"; }; };
		D54A5DDD21E6282F00E17BBA /* GPBUtilities.m in Sources */ = {isa = PBXBuildFile; fileRef = D54A5DCB21E6282E00E17BBA /* GPBUtilities.m */; settings = {COMPILER_FLAGS = "-fno-objc-arc"; }; };
		D54A5DDE21E6282F00E17BBA /* GPBUnknownField.m in Sources */ = {isa = PBXBuildFile; fileRef = D54A5DCE21E6282E00E17BBA /* GPBUnknownField.m */; settings = {COMPILER_FLAGS = "-fno-objc-arc"; }; };
		D54A5DDF21E6282F00E17BBA /* GPBWellKnownTypes.m in Sources */ = {isa = PBXBuildFile; fileRef = D54A5DCF21E6282E00E17BBA /* GPBWellKnownTypes.m */; settings = {COMPILER_FLAGS = "-fno-objc-arc"; }; };
		D54A5DE021E6282F00E17BBA /* GPBWireFormat.m in Sources */ = {isa = PBXBuildFile; fileRef = D54A5DD021E6282E00E17BBA /* GPBWireFormat.m */; settings = {COMPILER_FLAGS = "-fno-objc-arc"; }; };
		D54A5DE121E6282F00E17BBA /* GPBMessage.m in Sources */ = {isa = PBXBuildFile; fileRef = D54A5DD321E6282E00E17BBA /* GPBMessage.m */; settings = {COMPILER_FLAGS = "-fno-objc-arc"; }; };
		D54A5DE221E6282F00E17BBA /* GPBRootObject.m in Sources */ = {isa = PBXBuildFile; fileRef = D54A5DD421E6282E00E17BBA /* GPBRootObject.m */; settings = {COMPILER_FLAGS = "-fno-objc-arc"; }; };
		D54A5DE321E6282F00E17BBA /* GPBCodedOutputStream.m in Sources */ = {isa = PBXBuildFile; fileRef = D54A5DD521E6282F00E17BBA /* GPBCodedOutputStream.m */; settings = {COMPILER_FLAGS = "-fno-objc-arc"; }; };
/* End PBXBuildFile section */

/* Begin PBXFileReference section */
		D54A5D1B21E5FAAA00E17BBA /* PBPackaging.app */ = {isa = PBXFileReference; explicitFileType = wrapper.application; includeInIndex = 0; path = PBPackaging.app; sourceTree = BUILT_PRODUCTS_DIR; };
		D54A5D1E21E5FAAA00E17BBA /* AppDelegate.h */ = {isa = PBXFileReference; lastKnownFileType = sourcecode.c.h; path = AppDelegate.h; sourceTree = "<group>"; };
		D54A5D1F21E5FAAA00E17BBA /* AppDelegate.m */ = {isa = PBXFileReference; lastKnownFileType = sourcecode.c.objc; path = AppDelegate.m; sourceTree = "<group>"; };
		D54A5D2121E5FAAA00E17BBA /* ViewController.h */ = {isa = PBXFileReference; lastKnownFileType = sourcecode.c.h; path = ViewController.h; sourceTree = "<group>"; };
		D54A5D2221E5FAAA00E17BBA /* ViewController.m */ = {isa = PBXFileReference; lastKnownFileType = sourcecode.c.objc; path = ViewController.m; sourceTree = "<group>"; };
		D54A5D2521E5FAAA00E17BBA /* Base */ = {isa = PBXFileReference; lastKnownFileType = file.storyboard; name = Base; path = Base.lproj/Main.storyboard; sourceTree = "<group>"; };
		D54A5D2721E5FAAC00E17BBA /* Assets.xcassets */ = {isa = PBXFileReference; lastKnownFileType = folder.assetcatalog; path = Assets.xcassets; sourceTree = "<group>"; };
		D54A5D2A21E5FAAC00E17BBA /* Base */ = {isa = PBXFileReference; lastKnownFileType = file.storyboard; name = Base; path = Base.lproj/LaunchScreen.storyboard; sourceTree = "<group>"; };
		D54A5D2C21E5FAAC00E17BBA /* Info.plist */ = {isa = PBXFileReference; lastKnownFileType = text.plist.xml; path = Info.plist; sourceTree = "<group>"; };
		D54A5D2D21E5FAAC00E17BBA /* main.m */ = {isa = PBXFileReference; lastKnownFileType = sourcecode.c.objc; path = main.m; sourceTree = "<group>"; };
		D54A5D7121E6227900E17BBA /* GPBProtocolBuffers.h */ = {isa = PBXFileReference; fileEncoding = 4; lastKnownFileType = sourcecode.c.h; path = GPBProtocolBuffers.h; sourceTree = "<group>"; };
		D54A5D7221E6227900E17BBA /* GPBProtocolBuffers.m */ = {isa = PBXFileReference; fileEncoding = 4; lastKnownFileType = sourcecode.c.objc; path = GPBProtocolBuffers.m; sourceTree = "<group>"; };
		D54A5D7321E6227900E17BBA /* GPBProtocolBuffers_RuntimeSupport.h */ = {isa = PBXFileReference; fileEncoding = 4; lastKnownFileType = sourcecode.c.h; path = GPBProtocolBuffers_RuntimeSupport.h; sourceTree = "<group>"; };
		D54A5D7621E622BC00E17BBA /* Preson.pbobjc.h */ = {isa = PBXFileReference; fileEncoding = 4; lastKnownFileType = sourcecode.c.h; path = Preson.pbobjc.h; sourceTree = "<group>"; };
		D54A5D7721E622BC00E17BBA /* Preson.pbobjc.m */ = {isa = PBXFileReference; fileEncoding = 4; lastKnownFileType = sourcecode.c.objc; path = Preson.pbobjc.m; sourceTree = "<group>"; };
		D54A5D7921E6240400E17BBA /* preson.proto */ = {isa = PBXFileReference; fileEncoding = 4; lastKnownFileType = sourcecode.protobuf; path = preson.proto; sourceTree = "<group>"; };
		D54A5D7C21E6266400E17BBA /* Any.pbobjc.m */ = {isa = PBXFileReference; fileEncoding = 4; lastKnownFileType = sourcecode.c.objc; path = Any.pbobjc.m; sourceTree = "<group>"; };
		D54A5D7D21E6266400E17BBA /* wrappers.proto */ = {isa = PBXFileReference; fileEncoding = 4; lastKnownFileType = sourcecode.protobuf; path = wrappers.proto; sourceTree = "<group>"; };
		D54A5D7E21E6266400E17BBA /* Timestamp.pbobjc.m */ = {isa = PBXFileReference; fileEncoding = 4; lastKnownFileType = sourcecode.c.objc; path = Timestamp.pbobjc.m; sourceTree = "<group>"; };
		D54A5D7F21E6266400E17BBA /* struct.proto */ = {isa = PBXFileReference; fileEncoding = 4; lastKnownFileType = sourcecode.protobuf; path = struct.proto; sourceTree = "<group>"; };
		D54A5D8021E6266400E17BBA /* SourceContext.pbobjc.m */ = {isa = PBXFileReference; fileEncoding = 4; lastKnownFileType = sourcecode.c.objc; path = SourceContext.pbobjc.m; sourceTree = "<group>"; };
		D54A5D8121E6266400E17BBA /* Duration.pbobjc.m */ = {isa = PBXFileReference; fileEncoding = 4; lastKnownFileType = sourcecode.c.objc; path = Duration.pbobjc.m; sourceTree = "<group>"; };
		D54A5D8221E6266400E17BBA /* Struct.pbobjc.m */ = {isa = PBXFileReference; fileEncoding = 4; lastKnownFileType = sourcecode.c.objc; path = Struct.pbobjc.m; sourceTree = "<group>"; };
		D54A5D8321E6266400E17BBA /* source_context.proto */ = {isa = PBXFileReference; fileEncoding = 4; lastKnownFileType = sourcecode.protobuf; path = source_context.proto; sourceTree = "<group>"; };
		D54A5D8421E6266400E17BBA /* Type.pbobjc.m */ = {isa = PBXFileReference; fileEncoding = 4; lastKnownFileType = sourcecode.c.objc; path = Type.pbobjc.m; sourceTree = "<group>"; };
		D54A5D8521E6266500E17BBA /* Wrappers.pbobjc.m */ = {isa = PBXFileReference; fileEncoding = 4; lastKnownFileType = sourcecode.c.objc; path = Wrappers.pbobjc.m; sourceTree = "<group>"; };
		D54A5D8621E6266500E17BBA /* Struct.pbobjc.h */ = {isa = PBXFileReference; fileEncoding = 4; lastKnownFileType = sourcecode.c.h; path = Struct.pbobjc.h; sourceTree = "<group>"; };
		D54A5D8721E6266500E17BBA /* any.proto */ = {isa = PBXFileReference; fileEncoding = 4; lastKnownFileType = sourcecode.protobuf; path = any.proto; sourceTree = "<group>"; };
		D54A5D8821E6266500E17BBA /* duration.proto */ = {isa = PBXFileReference; fileEncoding = 4; lastKnownFileType = sourcecode.protobuf; path = duration.proto; sourceTree = "<group>"; };
		D54A5D8921E6266500E17BBA /* Timestamp.pbobjc.h */ = {isa = PBXFileReference; fileEncoding = 4; lastKnownFileType = sourcecode.c.h; path = Timestamp.pbobjc.h; sourceTree = "<group>"; };
		D54A5D8A21E6266500E17BBA /* SourceContext.pbobjc.h */ = {isa = PBXFileReference; fileEncoding = 4; lastKnownFileType = sourcecode.c.h; path = SourceContext.pbobjc.h; sourceTree = "<group>"; };
		D54A5D8B21E6266500E17BBA /* FieldMask.pbobjc.h */ = {isa = PBXFileReference; fileEncoding = 4; lastKnownFileType = sourcecode.c.h; path = FieldMask.pbobjc.h; sourceTree = "<group>"; };
		D54A5D8C21E6266500E17BBA /* Api.pbobjc.m */ = {isa = PBXFileReference; fileEncoding = 4; lastKnownFileType = sourcecode.c.objc; path = Api.pbobjc.m; sourceTree = "<group>"; };
		D54A5D8D21E6266500E17BBA /* FieldMask.pbobjc.m */ = {isa = PBXFileReference; fileEncoding = 4; lastKnownFileType = sourcecode.c.objc; path = FieldMask.pbobjc.m; sourceTree = "<group>"; };
		D54A5D8E21E6266500E17BBA /* type.proto */ = {isa = PBXFileReference; fileEncoding = 4; lastKnownFileType = sourcecode.protobuf; path = type.proto; sourceTree = "<group>"; };
		D54A5D8F21E6266500E17BBA /* field_mask.proto */ = {isa = PBXFileReference; fileEncoding = 4; lastKnownFileType = sourcecode.protobuf; path = field_mask.proto; sourceTree = "<group>"; };
		D54A5D9021E6266500E17BBA /* api.proto */ = {isa = PBXFileReference; fileEncoding = 4; lastKnownFileType = sourcecode.protobuf; path = api.proto; sourceTree = "<group>"; };
		D54A5D9121E6266500E17BBA /* Duration.pbobjc.h */ = {isa = PBXFileReference; fileEncoding = 4; lastKnownFileType = sourcecode.c.h; path = Duration.pbobjc.h; sourceTree = "<group>"; };
		D54A5D9221E6266500E17BBA /* timestamp.proto */ = {isa = PBXFileReference; fileEncoding = 4; lastKnownFileType = sourcecode.protobuf; path = timestamp.proto; sourceTree = "<group>"; };
		D54A5D9321E6266500E17BBA /* Api.pbobjc.h */ = {isa = PBXFileReference; fileEncoding = 4; lastKnownFileType = sourcecode.c.h; path = Api.pbobjc.h; sourceTree = "<group>"; };
		D54A5D9421E6266500E17BBA /* Type.pbobjc.h */ = {isa = PBXFileReference; fileEncoding = 4; lastKnownFileType = sourcecode.c.h; path = Type.pbobjc.h; sourceTree = "<group>"; };
		D54A5D9521E6266500E17BBA /* Wrappers.pbobjc.h */ = {isa = PBXFileReference; fileEncoding = 4; lastKnownFileType = sourcecode.c.h; path = Wrappers.pbobjc.h; sourceTree = "<group>"; };
		D54A5D9621E6266500E17BBA /* Empty.pbobjc.m */ = {isa = PBXFileReference; fileEncoding = 4; lastKnownFileType = sourcecode.c.objc; path = Empty.pbobjc.m; sourceTree = "<group>"; };
		D54A5D9721E6266500E17BBA /* empty.proto */ = {isa = PBXFileReference; fileEncoding = 4; lastKnownFileType = sourcecode.protobuf; path = empty.proto; sourceTree = "<group>"; };
		D54A5D9821E6266500E17BBA /* Empty.pbobjc.h */ = {isa = PBXFileReference; fileEncoding = 4; lastKnownFileType = sourcecode.c.h; path = Empty.pbobjc.h; sourceTree = "<group>"; };
		D54A5D9921E6266500E17BBA /* Any.pbobjc.h */ = {isa = PBXFileReference; fileEncoding = 4; lastKnownFileType = sourcecode.c.h; path = Any.pbobjc.h; sourceTree = "<group>"; };
		D54A5DAE21E6282C00E17BBA /* GPBUnknownFieldSet.h */ = {isa = PBXFileReference; fileEncoding = 4; lastKnownFileType = sourcecode.c.h; path = GPBUnknownFieldSet.h; sourceTree = "<group>"; };
		D54A5DAF21E6282C00E17BBA /* GPBArray.m */ = {isa = PBXFileReference; fileEncoding = 4; lastKnownFileType = sourcecode.c.objc; path = GPBArray.m; sourceTree = "<group>"; };
		D54A5DB021E6282C00E17BBA /* GPBExtensionInternals.m */ = {isa = PBXFileReference; fileEncoding = 4; lastKnownFileType = sourcecode.c.objc; path = GPBExtensionInternals.m; sourceTree = "<group>"; };
		D54A5DB121E6282C00E17BBA /* GPBExtensionRegistry.h */ = {isa = PBXFileReference; fileEncoding = 4; lastKnownFileType = sourcecode.c.h; path = GPBExtensionRegistry.h; sourceTree = "<group>"; };
		D54A5DB221E6282C00E17BBA /* GPBRootObject.h */ = {isa = PBXFileReference; fileEncoding = 4; lastKnownFileType = sourcecode.c.h; path = GPBRootObject.h; sourceTree = "<group>"; };
		D54A5DB321E6282C00E17BBA /* GPBCodedInputStream.h */ = {isa = PBXFileReference; fileEncoding = 4; lastKnownFileType = sourcecode.c.h; path = GPBCodedInputStream.h; sourceTree = "<group>"; };
		D54A5DB421E6282C00E17BBA /* GPBUnknownFieldSet.m */ = {isa = PBXFileReference; fileEncoding = 4; lastKnownFileType = sourcecode.c.objc; path = GPBUnknownFieldSet.m; sourceTree = "<group>"; };
		D54A5DB521E6282C00E17BBA /* GPBCodedInputStream_PackagePrivate.h */ = {isa = PBXFileReference; fileEncoding = 4; lastKnownFileType = sourcecode.c.h; path = GPBCodedInputStream_PackagePrivate.h; sourceTree = "<group>"; };
		D54A5DB621E6282C00E17BBA /* GPBRootObject_PackagePrivate.h */ = {isa = PBXFileReference; fileEncoding = 4; lastKnownFileType = sourcecode.c.h; path = GPBRootObject_PackagePrivate.h; sourceTree = "<group>"; };
		D54A5DB721E6282C00E17BBA /* GPBRuntimeTypes.h */ = {isa = PBXFileReference; fileEncoding = 4; lastKnownFileType = sourcecode.c.h; path = GPBRuntimeTypes.h; sourceTree = "<group>"; };
		D54A5DB821E6282C00E17BBA /* GPBDictionary.m */ = {isa = PBXFileReference; fileEncoding = 4; lastKnownFileType = sourcecode.c.objc; path = GPBDictionary.m; sourceTree = "<group>"; };
		D54A5DB921E6282C00E17BBA /* GPBUnknownFieldSet_PackagePrivate.h */ = {isa = PBXFileReference; fileEncoding = 4; lastKnownFileType = sourcecode.c.h; path = GPBUnknownFieldSet_PackagePrivate.h; sourceTree = "<group>"; };
		D54A5DBA21E6282C00E17BBA /* GPBDescriptor_PackagePrivate.h */ = {isa = PBXFileReference; fileEncoding = 4; lastKnownFileType = sourcecode.c.h; path = GPBDescriptor_PackagePrivate.h; sourceTree = "<group>"; };
		D54A5DBB21E6282D00E17BBA /* GPBMessage.h */ = {isa = PBXFileReference; fileEncoding = 4; lastKnownFileType = sourcecode.c.h; path = GPBMessage.h; sourceTree = "<group>"; };
		D54A5DBC21E6282D00E17BBA /* GPBExtensionRegistry.m */ = {isa = PBXFileReference; fileEncoding = 4; lastKnownFileType = sourcecode.c.objc; path = GPBExtensionRegistry.m; sourceTree = "<group>"; };
		D54A5DBD21E6282D00E17BBA /* GPBDictionary_PackagePrivate.h */ = {isa = PBXFileReference; fileEncoding = 4; lastKnownFileType = sourcecode.c.h; path = GPBDictionary_PackagePrivate.h; sourceTree = "<group>"; };
		D54A5DBE21E6282D00E17BBA /* GPBDescriptor.h */ = {isa = PBXFileReference; fileEncoding = 4; lastKnownFileType = sourcecode.c.h; path = GPBDescriptor.h; sourceTree = "<group>"; };
		D54A5DBF21E6282D00E17BBA /* GPBCodedOutputStream_PackagePrivate.h */ = {isa = PBXFileReference; fileEncoding = 4; lastKnownFileType = sourcecode.c.h; path = GPBCodedOutputStream_PackagePrivate.h; sourceTree = "<group>"; };
		D54A5DC021E6282D00E17BBA /* GPBExtensionInternals.h */ = {isa = PBXFileReference; fileEncoding = 4; lastKnownFileType = sourcecode.c.h; path = GPBExtensionInternals.h; sourceTree = "<group>"; };
		D54A5DC121E6282D00E17BBA /* GPBDescriptor.m */ = {isa = PBXFileReference; fileEncoding = 4; lastKnownFileType = sourcecode.c.objc; path = GPBDescriptor.m; sourceTree = "<group>"; };
		D54A5DC221E6282D00E17BBA /* GPBWellKnownTypes.h */ = {isa = PBXFileReference; fileEncoding = 4; lastKnownFileType = sourcecode.c.h; path = GPBWellKnownTypes.h; sourceTree = "<group>"; };
		D54A5DC321E6282D00E17BBA /* GPBUnknownField.h */ = {isa = PBXFileReference; fileEncoding = 4; lastKnownFileType = sourcecode.c.h; path = GPBUnknownField.h; sourceTree = "<group>"; };
		D54A5DC421E6282D00E17BBA /* GPBCodedInputStream.m */ = {isa = PBXFileReference; fileEncoding = 4; lastKnownFileType = sourcecode.c.objc; path = GPBCodedInputStream.m; sourceTree = "<group>"; };
		D54A5DC521E6282D00E17BBA /* GPBArray_PackagePrivate.h */ = {isa = PBXFileReference; fileEncoding = 4; lastKnownFileType = sourcecode.c.h; path = GPBArray_PackagePrivate.h; sourceTree = "<group>"; };
		D54A5DC621E6282D00E17BBA /* GPBMessage_PackagePrivate.h */ = {isa = PBXFileReference; fileEncoding = 4; lastKnownFileType = sourcecode.c.h; path = GPBMessage_PackagePrivate.h; sourceTree = "<group>"; };
		D54A5DC721E6282D00E17BBA /* GPBWireFormat.h */ = {isa = PBXFileReference; fileEncoding = 4; lastKnownFileType = sourcecode.c.h; path = GPBWireFormat.h; sourceTree = "<group>"; };
		D54A5DC821E6282D00E17BBA /* GPBUtilities_PackagePrivate.h */ = {isa = PBXFileReference; fileEncoding = 4; lastKnownFileType = sourcecode.c.h; path = GPBUtilities_PackagePrivate.h; sourceTree = "<group>"; };
		D54A5DC921E6282D00E17BBA /* GPBCodedOutputStream.h */ = {isa = PBXFileReference; fileEncoding = 4; lastKnownFileType = sourcecode.c.h; path = GPBCodedOutputStream.h; sourceTree = "<group>"; };
		D54A5DCA21E6282E00E17BBA /* GPBArray.h */ = {isa = PBXFileReference; fileEncoding = 4; lastKnownFileType = sourcecode.c.h; path = GPBArray.h; sourceTree = "<group>"; };
		D54A5DCB21E6282E00E17BBA /* GPBUtilities.m */ = {isa = PBXFileReference; fileEncoding = 4; lastKnownFileType = sourcecode.c.objc; path = GPBUtilities.m; sourceTree = "<group>"; };
		D54A5DCC21E6282E00E17BBA /* GPBDictionary.h */ = {isa = PBXFileReference; fileEncoding = 4; lastKnownFileType = sourcecode.c.h; path = GPBDictionary.h; sourceTree = "<group>"; };
		D54A5DCD21E6282E00E17BBA /* GPBUtilities.h */ = {isa = PBXFileReference; fileEncoding = 4; lastKnownFileType = sourcecode.c.h; path = GPBUtilities.h; sourceTree = "<group>"; };
		D54A5DCE21E6282E00E17BBA /* GPBUnknownField.m */ = {isa = PBXFileReference; fileEncoding = 4; lastKnownFileType = sourcecode.c.objc; path = GPBUnknownField.m; sourceTree = "<group>"; };
		D54A5DCF21E6282E00E17BBA /* GPBWellKnownTypes.m */ = {isa = PBXFileReference; fileEncoding = 4; lastKnownFileType = sourcecode.c.objc; path = GPBWellKnownTypes.m; sourceTree = "<group>"; };
		D54A5DD021E6282E00E17BBA /* GPBWireFormat.m */ = {isa = PBXFileReference; fileEncoding = 4; lastKnownFileType = sourcecode.c.objc; path = GPBWireFormat.m; sourceTree = "<group>"; };
		D54A5DD121E6282E00E17BBA /* GPBBootstrap.h */ = {isa = PBXFileReference; fileEncoding = 4; lastKnownFileType = sourcecode.c.h; path = GPBBootstrap.h; sourceTree = "<group>"; };
		D54A5DD221E6282E00E17BBA /* GPBUnknownField_PackagePrivate.h */ = {isa = PBXFileReference; fileEncoding = 4; lastKnownFileType = sourcecode.c.h; path = GPBUnknownField_PackagePrivate.h; sourceTree = "<group>"; };
		D54A5DD321E6282E00E17BBA /* GPBMessage.m */ = {isa = PBXFileReference; fileEncoding = 4; lastKnownFileType = sourcecode.c.objc; path = GPBMessage.m; sourceTree = "<group>"; };
		D54A5DD421E6282E00E17BBA /* GPBRootObject.m */ = {isa = PBXFileReference; fileEncoding = 4; lastKnownFileType = sourcecode.c.objc; path = GPBRootObject.m; sourceTree = "<group>"; };
		D54A5DD521E6282F00E17BBA /* GPBCodedOutputStream.m */ = {isa = PBXFileReference; fileEncoding = 4; lastKnownFileType = sourcecode.c.objc; path = GPBCodedOutputStream.m; sourceTree = "<group>"; };
/* End PBXFileReference section */

/* Begin PBXFrameworksBuildPhase section */
		D54A5D1821E5FAAA00E17BBA /* Frameworks */ = {
			isa = PBXFrameworksBuildPhase;
			buildActionMask = 2147483647;
			files = (
			);
			runOnlyForDeploymentPostprocessing = 0;
		};
/* End PBXFrameworksBuildPhase section */

/* Begin PBXGroup section */
		D54A5D1221E5FAAA00E17BBA = {
			isa = PBXGroup;
			children = (
				D54A5D1D21E5FAAA00E17BBA /* PBPackaging */,
				D54A5D1C21E5FAAA00E17BBA /* Products */,
			);
			sourceTree = "<group>";
		};
		D54A5D1C21E5FAAA00E17BBA /* Products */ = {
			isa = PBXGroup;
			children = (
				D54A5D1B21E5FAAA00E17BBA /* PBPackaging.app */,
			);
			name = Products;
			sourceTree = "<group>";
		};
		D54A5D1D21E5FAAA00E17BBA /* PBPackaging */ = {
			isa = PBXGroup;
			children = (
				D54A5D3521E5FBA200E17BBA /* pb */,
				D54A5D1E21E5FAAA00E17BBA /* AppDelegate.h */,
				D54A5D1F21E5FAAA00E17BBA /* AppDelegate.m */,
				D54A5D2121E5FAAA00E17BBA /* ViewController.h */,
				D54A5D2221E5FAAA00E17BBA /* ViewController.m */,
				D54A5D2421E5FAAA00E17BBA /* Main.storyboard */,
				D54A5D2721E5FAAC00E17BBA /* Assets.xcassets */,
				D54A5D2921E5FAAC00E17BBA /* LaunchScreen.storyboard */,
				D54A5D2C21E5FAAC00E17BBA /* Info.plist */,
				D54A5D2D21E5FAAC00E17BBA /* main.m */,
			);
			path = PBPackaging;
			sourceTree = "<group>";
		};
		D54A5D3521E5FBA200E17BBA /* pb */ = {
			isa = PBXGroup;
			children = (
				D54A5DC521E6282D00E17BBA /* GPBArray_PackagePrivate.h */,
				D54A5DCA21E6282E00E17BBA /* GPBArray.h */,
				D54A5DAF21E6282C00E17BBA /* GPBArray.m */,
				D54A5DD121E6282E00E17BBA /* GPBBootstrap.h */,
				D54A5DB521E6282C00E17BBA /* GPBCodedInputStream_PackagePrivate.h */,
				D54A5DB321E6282C00E17BBA /* GPBCodedInputStream.h */,
				D54A5DC421E6282D00E17BBA /* GPBCodedInputStream.m */,
				D54A5DBF21E6282D00E17BBA /* GPBCodedOutputStream_PackagePrivate.h */,
				D54A5DC921E6282D00E17BBA /* GPBCodedOutputStream.h */,
				D54A5DD521E6282F00E17BBA /* GPBCodedOutputStream.m */,
				D54A5DBA21E6282C00E17BBA /* GPBDescriptor_PackagePrivate.h */,
				D54A5DBE21E6282D00E17BBA /* GPBDescriptor.h */,
				D54A5DC121E6282D00E17BBA /* GPBDescriptor.m */,
				D54A5DBD21E6282D00E17BBA /* GPBDictionary_PackagePrivate.h */,
				D54A5DCC21E6282E00E17BBA /* GPBDictionary.h */,
				D54A5DB821E6282C00E17BBA /* GPBDictionary.m */,
				D54A5DC021E6282D00E17BBA /* GPBExtensionInternals.h */,
				D54A5DB021E6282C00E17BBA /* GPBExtensionInternals.m */,
				D54A5DB121E6282C00E17BBA /* GPBExtensionRegistry.h */,
				D54A5DBC21E6282D00E17BBA /* GPBExtensionRegistry.m */,
				D54A5DC621E6282D00E17BBA /* GPBMessage_PackagePrivate.h */,
				D54A5DBB21E6282D00E17BBA /* GPBMessage.h */,
				D54A5DD321E6282E00E17BBA /* GPBMessage.m */,
				D54A5DB621E6282C00E17BBA /* GPBRootObject_PackagePrivate.h */,
				D54A5DB221E6282C00E17BBA /* GPBRootObject.h */,
				D54A5DD421E6282E00E17BBA /* GPBRootObject.m */,
				D54A5DB721E6282C00E17BBA /* GPBRuntimeTypes.h */,
				D54A5DD221E6282E00E17BBA /* GPBUnknownField_PackagePrivate.h */,
				D54A5DC321E6282D00E17BBA /* GPBUnknownField.h */,
				D54A5DCE21E6282E00E17BBA /* GPBUnknownField.m */,
				D54A5DB921E6282C00E17BBA /* GPBUnknownFieldSet_PackagePrivate.h */,
				D54A5DAE21E6282C00E17BBA /* GPBUnknownFieldSet.h */,
				D54A5DB421E6282C00E17BBA /* GPBUnknownFieldSet.m */,
				D54A5DC821E6282D00E17BBA /* GPBUtilities_PackagePrivate.h */,
				D54A5DCD21E6282E00E17BBA /* GPBUtilities.h */,
				D54A5DCB21E6282E00E17BBA /* GPBUtilities.m */,
				D54A5DC221E6282D00E17BBA /* GPBWellKnownTypes.h */,
				D54A5DCF21E6282E00E17BBA /* GPBWellKnownTypes.m */,
				D54A5DC721E6282D00E17BBA /* GPBWireFormat.h */,
				D54A5DD021E6282E00E17BBA /* GPBWireFormat.m */,
				D54A5D7321E6227900E17BBA /* GPBProtocolBuffers_RuntimeSupport.h */,
				D54A5D7121E6227900E17BBA /* GPBProtocolBuffers.h */,
				D54A5D7221E6227900E17BBA /* GPBProtocolBuffers.m */,
				D54A5D7521E6228600E17BBA /* protoModels */,
				D54A5D7B21E6265500E17BBA /* Generated */,
			);
			path = pb;
			sourceTree = "<group>";
		};
		D54A5D7521E6228600E17BBA /* protoModels */ = {
			isa = PBXGroup;
			children = (
				D54A5D7921E6240400E17BBA /* preson.proto */,
				D54A5D7621E622BC00E17BBA /* Preson.pbobjc.h */,
				D54A5D7721E622BC00E17BBA /* Preson.pbobjc.m */,
			);
			path = protoModels;
			sourceTree = "<group>";
		};
		D54A5D7B21E6265500E17BBA /* Generated */ = {
			isa = PBXGroup;
			children = (
				D54A5D9921E6266500E17BBA /* Any.pbobjc.h */,
				D54A5D7C21E6266400E17BBA /* Any.pbobjc.m */,
				D54A5D8721E6266500E17BBA /* any.proto */,
				D54A5D9321E6266500E17BBA /* Api.pbobjc.h */,
				D54A5D8C21E6266500E17BBA /* Api.pbobjc.m */,
				D54A5D9021E6266500E17BBA /* api.proto */,
				D54A5D9121E6266500E17BBA /* Duration.pbobjc.h */,
				D54A5D8121E6266400E17BBA /* Duration.pbobjc.m */,
				D54A5D8821E6266500E17BBA /* duration.proto */,
				D54A5D9821E6266500E17BBA /* Empty.pbobjc.h */,
				D54A5D9621E6266500E17BBA /* Empty.pbobjc.m */,
				D54A5D9721E6266500E17BBA /* empty.proto */,
				D54A5D8F21E6266500E17BBA /* field_mask.proto */,
				D54A5D8B21E6266500E17BBA /* FieldMask.pbobjc.h */,
				D54A5D8D21E6266500E17BBA /* FieldMask.pbobjc.m */,
				D54A5D8321E6266400E17BBA /* source_context.proto */,
				D54A5D8A21E6266500E17BBA /* SourceContext.pbobjc.h */,
				D54A5D8021E6266400E17BBA /* SourceContext.pbobjc.m */,
				D54A5D8621E6266500E17BBA /* Struct.pbobjc.h */,
				D54A5D8221E6266400E17BBA /* Struct.pbobjc.m */,
				D54A5D7F21E6266400E17BBA /* struct.proto */,
				D54A5D8921E6266500E17BBA /* Timestamp.pbobjc.h */,
				D54A5D7E21E6266400E17BBA /* Timestamp.pbobjc.m */,
				D54A5D9221E6266500E17BBA /* timestamp.proto */,
				D54A5D9421E6266500E17BBA /* Type.pbobjc.h */,
				D54A5D8421E6266400E17BBA /* Type.pbobjc.m */,
				D54A5D8E21E6266500E17BBA /* type.proto */,
				D54A5D9521E6266500E17BBA /* Wrappers.pbobjc.h */,
				D54A5D8521E6266500E17BBA /* Wrappers.pbobjc.m */,
				D54A5D7D21E6266400E17BBA /* wrappers.proto */,
			);
			path = Generated;
			sourceTree = "<group>";
		};
/* End PBXGroup section */

/* Begin PBXNativeTarget section */
		D54A5D1A21E5FAAA00E17BBA /* PBPackaging */ = {
			isa = PBXNativeTarget;
			buildConfigurationList = D54A5D3121E5FAAC00E17BBA /* Build configuration list for PBXNativeTarget "PBPackaging" */;
			buildPhases = (
				D54A5D1721E5FAAA00E17BBA /* Sources */,
				D54A5D1821E5FAAA00E17BBA /* Frameworks */,
				D54A5D1921E5FAAA00E17BBA /* Resources */,
			);
			buildRules = (
			);
			dependencies = (
			);
			name = PBPackaging;
			productName = PBPackaging;
			productReference = D54A5D1B21E5FAAA00E17BBA /* PBPackaging.app */;
			productType = "com.apple.product-type.application";
		};
/* End PBXNativeTarget section */

/* Begin PBXProject section */
		D54A5D1321E5FAAA00E17BBA /* Project object */ = {
			isa = PBXProject;
			attributes = {
				LastUpgradeCheck = 1010;
				ORGANIZATIONNAME = zhao.feng;
				TargetAttributes = {
					D54A5D1A21E5FAAA00E17BBA = {
						CreatedOnToolsVersion = 10.1;
					};
				};
			};
			buildConfigurationList = D54A5D1621E5FAAA00E17BBA /* Build configuration list for PBXProject "PBPackaging" */;
			compatibilityVersion = "Xcode 9.3";
			developmentRegion = en;
			hasScannedForEncodings = 0;
			knownRegions = (
				en,
				Base,
			);
			mainGroup = D54A5D1221E5FAAA00E17BBA;
			productRefGroup = D54A5D1C21E5FAAA00E17BBA /* Products */;
			projectDirPath = "";
			projectRoot = "";
			targets = (
				D54A5D1A21E5FAAA00E17BBA /* PBPackaging */,
			);
		};
/* End PBXProject section */

/* Begin PBXResourcesBuildPhase section */
		D54A5D1921E5FAAA00E17BBA /* Resources */ = {
			isa = PBXResourcesBuildPhase;
			buildActionMask = 2147483647;
			files = (
				D54A5D2B21E5FAAC00E17BBA /* LaunchScreen.storyboard in Resources */,
				D54A5D2821E5FAAC00E17BBA /* Assets.xcassets in Resources */,
				D54A5D2621E5FAAA00E17BBA /* Main.storyboard in Resources */,
			);
			runOnlyForDeploymentPostprocessing = 0;
		};
/* End PBXResourcesBuildPhase section */

/* Begin PBXSourcesBuildPhase section */
		D54A5D1721E5FAAA00E17BBA /* Sources */ = {
			isa = PBXSourcesBuildPhase;
			buildActionMask = 2147483647;
			files = (
				D54A5DD721E6282F00E17BBA /* GPBExtensionInternals.m in Sources */,
				D54A5DA321E6266600E17BBA /* Wrappers.pbobjc.m in Sources */,
				D54A5DDB21E6282F00E17BBA /* GPBDescriptor.m in Sources */,
				D54A5D9A21E6266600E17BBA /* Any.pbobjc.m in Sources */,
				D54A5DDA21E6282F00E17BBA /* GPBExtensionRegistry.m in Sources */,
				D54A5DE121E6282F00E17BBA /* GPBMessage.m in Sources */,
				D54A5D9C21E6266600E17BBA /* Timestamp.pbobjc.m in Sources */,
				D54A5D9B21E6266600E17BBA /* wrappers.proto in Sources */,
				D54A5DA721E6266600E17BBA /* FieldMask.pbobjc.m in Sources */,
				D54A5D7421E6227A00E17BBA /* GPBProtocolBuffers.m in Sources */,
				D54A5DA921E6266600E17BBA /* field_mask.proto in Sources */,
				D54A5DA421E6266600E17BBA /* any.proto in Sources */,
				D54A5DA121E6266600E17BBA /* source_context.proto in Sources */,
				D54A5DAD21E6266600E17BBA /* empty.proto in Sources */,
				D54A5DAB21E6266600E17BBA /* timestamp.proto in Sources */,
				D54A5DE021E6282F00E17BBA /* GPBWireFormat.m in Sources */,
				D54A5D9D21E6266600E17BBA /* struct.proto in Sources */,
				D54A5D7821E622BC00E17BBA /* Preson.pbobjc.m in Sources */,
				D54A5D7A21E6240400E17BBA /* preson.proto in Sources */,
				D54A5DA021E6266600E17BBA /* Struct.pbobjc.m in Sources */,
				D54A5D9F21E6266600E17BBA /* Duration.pbobjc.m in Sources */,
				D54A5DD821E6282F00E17BBA /* GPBUnknownFieldSet.m in Sources */,
				D54A5DA221E6266600E17BBA /* Type.pbobjc.m in Sources */,
				D54A5DE221E6282F00E17BBA /* GPBRootObject.m in Sources */,
				D54A5DDE21E6282F00E17BBA /* GPBUnknownField.m in Sources */,
				D54A5DA621E6266600E17BBA /* Api.pbobjc.m in Sources */,
				D54A5DD621E6282F00E17BBA /* GPBArray.m in Sources */,
				D54A5DDC21E6282F00E17BBA /* GPBCodedInputStream.m in Sources */,
				D54A5DDF21E6282F00E17BBA /* GPBWellKnownTypes.m in Sources */,
				D54A5DDD21E6282F00E17BBA /* GPBUtilities.m in Sources */,
				D54A5DE321E6282F00E17BBA /* GPBCodedOutputStream.m in Sources */,
				D54A5DA521E6266600E17BBA /* duration.proto in Sources */,
				D54A5DA821E6266600E17BBA /* type.proto in Sources */,
				D54A5D9E21E6266600E17BBA /* SourceContext.pbobjc.m in Sources */,
				D54A5D2321E5FAAA00E17BBA /* ViewController.m in Sources */,
				D54A5DD921E6282F00E17BBA /* GPBDictionary.m in Sources */,
				D54A5DAA21E6266600E17BBA /* api.proto in Sources */,
				D54A5D2E21E5FAAC00E17BBA /* main.m in Sources */,
				D54A5D2021E5FAAA00E17BBA /* AppDelegate.m in Sources */,
				D54A5DAC21E6266600E17BBA /* Empty.pbobjc.m in Sources */,
			);
			runOnlyForDeploymentPostprocessing = 0;
		};
/* End PBXSourcesBuildPhase section */

/* Begin PBXVariantGroup section */
		D54A5D2421E5FAAA00E17BBA /* Main.storyboard */ = {
			isa = PBXVariantGroup;
			children = (
				D54A5D2521E5FAAA00E17BBA /* Base */,
			);
			name = Main.storyboard;
			sourceTree = "<group>";
		};
		D54A5D2921E5FAAC00E17BBA /* LaunchScreen.storyboard */ = {
			isa = PBXVariantGroup;
			children = (
				D54A5D2A21E5FAAC00E17BBA /* Base */,
			);
			name = LaunchScreen.storyboard;
			sourceTree = "<group>";
		};
/* End PBXVariantGroup section */

/* Begin XCBuildConfiguration section */
		D54A5D2F21E5FAAC00E17BBA /* Debug */ = {
			isa = XCBuildConfiguration;
			buildSettings = {
				ALWAYS_SEARCH_USER_PATHS = NO;
				CLANG_ANALYZER_NONNULL = YES;
				CLANG_ANALYZER_NUMBER_OBJECT_CONVERSION = YES_AGGRESSIVE;
				CLANG_CXX_LANGUAGE_STANDARD = "gnu++14";
				CLANG_CXX_LIBRARY = "libc++";
				CLANG_ENABLE_MODULES = YES;
				CLANG_ENABLE_OBJC_ARC = YES;
				CLANG_ENABLE_OBJC_WEAK = YES;
				CLANG_WARN_BLOCK_CAPTURE_AUTORELEASING = YES;
				CLANG_WARN_BOOL_CONVERSION = YES;
				CLANG_WARN_COMMA = YES;
				CLANG_WARN_CONSTANT_CONVERSION = YES;
				CLANG_WARN_DEPRECATED_OBJC_IMPLEMENTATIONS = YES;
				CLANG_WARN_DIRECT_OBJC_ISA_USAGE = YES_ERROR;
				CLANG_WARN_DOCUMENTATION_COMMENTS = YES;
				CLANG_WARN_EMPTY_BODY = YES;
				CLANG_WARN_ENUM_CONVERSION = YES;
				CLANG_WARN_INFINITE_RECURSION = YES;
				CLANG_WARN_INT_CONVERSION = YES;
				CLANG_WARN_NON_LITERAL_NULL_CONVERSION = YES;
				CLANG_WARN_OBJC_IMPLICIT_RETAIN_SELF = YES;
				CLANG_WARN_OBJC_LITERAL_CONVERSION = YES;
				CLANG_WARN_OBJC_ROOT_CLASS = YES_ERROR;
				CLANG_WARN_RANGE_LOOP_ANALYSIS = YES;
				CLANG_WARN_STRICT_PROTOTYPES = YES;
				CLANG_WARN_SUSPICIOUS_MOVE = YES;
				CLANG_WARN_UNGUARDED_AVAILABILITY = YES_AGGRESSIVE;
				CLANG_WARN_UNREACHABLE_CODE = YES;
				CLANG_WARN__DUPLICATE_METHOD_MATCH = YES;
				CODE_SIGN_IDENTITY = "iPhone Developer";
				COPY_PHASE_STRIP = NO;
				DEBUG_INFORMATION_FORMAT = dwarf;
				ENABLE_STRICT_OBJC_MSGSEND = YES;
				ENABLE_TESTABILITY = YES;
				GCC_C_LANGUAGE_STANDARD = gnu11;
				GCC_DYNAMIC_NO_PIC = NO;
				GCC_NO_COMMON_BLOCKS = YES;
				GCC_OPTIMIZATION_LEVEL = 0;
				GCC_PREPROCESSOR_DEFINITIONS = (
					"DEBUG=1",
					"$(inherited)",
				);
				GCC_WARN_64_TO_32_BIT_CONVERSION = YES;
				GCC_WARN_ABOUT_RETURN_TYPE = YES_ERROR;
				GCC_WARN_UNDECLARED_SELECTOR = YES;
				GCC_WARN_UNINITIALIZED_AUTOS = YES_AGGRESSIVE;
				GCC_WARN_UNUSED_FUNCTION = YES;
				GCC_WARN_UNUSED_VARIABLE = YES;
				IPHONEOS_DEPLOYMENT_TARGET = 12.1;
				MTL_ENABLE_DEBUG_INFO = INCLUDE_SOURCE;
				MTL_FAST_MATH = YES;
				ONLY_ACTIVE_ARCH = YES;
				SDKROOT = iphoneos;
			};
			name = Debug;
		};
		D54A5D3021E5FAAC00E17BBA /* Release */ = {
			isa = XCBuildConfiguration;
			buildSettings = {
				ALWAYS_SEARCH_USER_PATHS = NO;
				CLANG_ANALYZER_NONNULL = YES;
				CLANG_ANALYZER_NUMBER_OBJECT_CONVERSION = YES_AGGRESSIVE;
				CLANG_CXX_LANGUAGE_STANDARD = "gnu++14";
				CLANG_CXX_LIBRARY = "libc++";
				CLANG_ENABLE_MODULES = YES;
				CLANG_ENABLE_OBJC_ARC = YES;
				CLANG_ENABLE_OBJC_WEAK = YES;
				CLANG_WARN_BLOCK_CAPTURE_AUTORELEASING = YES;
				CLANG_WARN_BOOL_CONVERSION = YES;
				CLANG_WARN_COMMA = YES;
				CLANG_WARN_CONSTANT_CONVERSION = YES;
				CLANG_WARN_DEPRECATED_OBJC_IMPLEMENTATIONS = YES;
				CLANG_WARN_DIRECT_OBJC_ISA_USAGE = YES_ERROR;
				CLANG_WARN_DOCUMENTATION_COMMENTS = YES;
				CLANG_WARN_EMPTY_BODY = YES;
				CLANG_WARN_ENUM_CONVERSION = YES;
				CLANG_WARN_INFINITE_RECURSION = YES;
				CLANG_WARN_INT_CONVERSION = YES;
				CLANG_WARN_NON_LITERAL_NULL_CONVERSION = YES;
				CLANG_WARN_OBJC_IMPLICIT_RETAIN_SELF = YES;
				CLANG_WARN_OBJC_LITERAL_CONVERSION = YES;
				CLANG_WARN_OBJC_ROOT_CLASS = YES_ERROR;
				CLANG_WARN_RANGE_LOOP_ANALYSIS = YES;
				CLANG_WARN_STRICT_PROTOTYPES = YES;
				CLANG_WARN_SUSPICIOUS_MOVE = YES;
				CLANG_WARN_UNGUARDED_AVAILABILITY = YES_AGGRESSIVE;
				CLANG_WARN_UNREACHABLE_CODE = YES;
				CLANG_WARN__DUPLICATE_METHOD_MATCH = YES;
				CODE_SIGN_IDENTITY = "iPhone Developer";
				COPY_PHASE_STRIP = NO;
				DEBUG_INFORMATION_FORMAT = "dwarf-with-dsym";
				ENABLE_NS_ASSERTIONS = NO;
				ENABLE_STRICT_OBJC_MSGSEND = YES;
				GCC_C_LANGUAGE_STANDARD = gnu11;
				GCC_NO_COMMON_BLOCKS = YES;
				GCC_WARN_64_TO_32_BIT_CONVERSION = YES;
				GCC_WARN_ABOUT_RETURN_TYPE = YES_ERROR;
				GCC_WARN_UNDECLARED_SELECTOR = YES;
				GCC_WARN_UNINITIALIZED_AUTOS = YES_AGGRESSIVE;
				GCC_WARN_UNUSED_FUNCTION = YES;
				GCC_WARN_UNUSED_VARIABLE = YES;
				IPHONEOS_DEPLOYMENT_TARGET = 12.1;
				MTL_ENABLE_DEBUG_INFO = NO;
				MTL_FAST_MATH = YES;
				SDKROOT = iphoneos;
				VALIDATE_PRODUCT = YES;
			};
			name = Release;
		};
		D54A5D3221E5FAAC00E17BBA /* Debug */ = {
			isa = XCBuildConfiguration;
			buildSettings = {
				ASSETCATALOG_COMPILER_APPICON_NAME = AppIcon;
				CODE_SIGN_STYLE = Automatic;
				DEVELOPMENT_TEAM = WGSLCBBG43;
				INFOPLIST_FILE = PBPackaging/Info.plist;
				LD_RUNPATH_SEARCH_PATHS = (
					"$(inherited)",
					"@executable_path/Frameworks",
				);
				PRODUCT_BUNDLE_IDENTIFIER = com.PBPackaging;
				PRODUCT_NAME = "$(TARGET_NAME)";
				TARGETED_DEVICE_FAMILY = "1,2";
			};
			name = Debug;
		};
		D54A5D3321E5FAAC00E17BBA /* Release */ = {
			isa = XCBuildConfiguration;
			buildSettings = {
				ASSETCATALOG_COMPILER_APPICON_NAME = AppIcon;
				CODE_SIGN_STYLE = Automatic;
				DEVELOPMENT_TEAM = WGSLCBBG43;
				INFOPLIST_FILE = PBPackaging/Info.plist;
				LD_RUNPATH_SEARCH_PATHS = (
					"$(inherited)",
					"@executable_path/Frameworks",
				);
				PRODUCT_BUNDLE_IDENTIFIER = com.PBPackaging;
				PRODUCT_NAME = "$(TARGET_NAME)";
				TARGETED_DEVICE_FAMILY = "1,2";
			};
			name = Release;
		};
/* End XCBuildConfiguration section */

/* Begin XCConfigurationList section */
		D54A5D1621E5FAAA00E17BBA /* Build configuration list for PBXProject "PBPackaging" */ = {
			isa = XCConfigurationList;
			buildConfigurations = (
				D54A5D2F21E5FAAC00E17BBA /* Debug */,
				D54A5D3021E5FAAC00E17BBA /* Release */,
			);
			defaultConfigurationIsVisible = 0;
			defaultConfigurationName = Release;
		};
		D54A5D3121E5FAAC00E17BBA /* Build configuration list for PBXNativeTarget "PBPackaging" */ = {
			isa = XCConfigurationList;
			buildConfigurations = (
				D54A5D3221E5FAAC00E17BBA /* Debug */,
				D54A5D3321E5FAAC00E17BBA /* Release */,
			);
			defaultConfigurationIsVisible = 0;
			defaultConfigurationName = Release;
		};
/* End XCConfigurationList section */
	};
	rootObject = D54A5D1321E5FAAA00E17BBA /* Project object */;
}
